
Microsoft Visual Studio Solution File, Format Version 12.00
# Visual Studio Version 16
VisualStudioVersion = 16.0.29102.190
MinimumVisualStudioVersion = 15.0.26124.0
Project("{9A19103F-16F7-4668-BE54-9A1E7A4F7556}") = "CodeSnippet.Online.Core", "CodeSnippet.Online.Core\CodeSnippet.Online.Core.csproj", "{AFE05113-6080-4F5C-8D97-E151B785B9F1}"
EndProject
Project("{9A19103F-16F7-4668-BE54-9A1E7A4F7556}") = "CodeSnippet.Online.Models", "CodeSnippet.Online.Models\CodeSnippet.Online.Models.csproj", "{7953BAA9-C6AC-4665-B826-943AADEC3E43}"
EndProject
Project("{9A19103F-16F7-4668-BE54-9A1E7A4F7556}") = "CodeSnippet.Online.Services", "CodeSnippet.Online.Services\CodeSnippet.Online.Services.csproj", "{895A8D5A-CC51-418E-BA07-344C8B80E040}"
EndProject
Project("{9A19103F-16F7-4668-BE54-9A1E7A4F7556}") = "CodeSnippet.Online.Services.Abstractions", "CodeSnippet.Online.Services.Abstractions\CodeSnippet.Online.Services.Abstractions.csproj", "{7E362EE3-EEDE-403F-BE6C-9BBF4EFEBD72}"
EndProject
Global
	GlobalSection(SolutionConfigurationPlatforms) = preSolution
		Debug|Any CPU = Debug|Any CPU
		Debug|x64 = Debug|x64
		Debug|x86 = Debug|x86
		Release|Any CPU = Release|Any CPU
		Release|x64 = Release|x64
		Release|x86 = Release|x86
	EndGlobalSection
	GlobalSection(ProjectConfigurationPlatforms) = postSolution
		{AFE05113-6080-4F5C-8D97-E151B785B9F1}.Debug|Any CPU.ActiveCfg = Debug|Any CPU
		{AFE05113-6080-4F5C-8D97-E151B785B9F1}.Debug|Any CPU.Build.0 = Debug|Any CPU
		{AFE05113-6080-4F5C-8D97-E151B785B9F1}.Debug|x64.ActiveCfg = Debug|Any CPU
		{AFE05113-6080-4F5C-8D97-E151B785B9F1}.Debug|x64.Build.0 = Debug|Any CPU
		{AFE05113-6080-4F5C-8D97-E151B785B9F1}.Debug|x86.ActiveCfg = Debug|Any CPU
		{AFE05113-6080-4F5C-8D97-E151B785B9F1}.Debug|x86.Build.0 = Debug|Any CPU
		{AFE05113-6080-4F5C-8D97-E151B785B9F1}.Release|Any CPU.ActiveCfg = Release|Any CPU
		{AFE05113-6080-4F5C-8D97-E151B785B9F1}.Release|Any CPU.Build.0 = Release|Any CPU
		{AFE05113-6080-4F5C-8D97-E151B785B9F1}.Release|x64.ActiveCfg = Release|Any CPU
		{AFE05113-6080-4F5C-8D97-E151B785B9F1}.Release|x64.Build.0 = Release|Any CPU
		{AFE05113-6080-4F5C-8D97-E151B785B9F1}.Release|x86.ActiveCfg = Release|Any CPU
		{AFE05113-6080-4F5C-8D97-E151B785B9F1}.Release|x86.Build.0 = Release|Any CPU
		{7953BAA9-C6AC-4665-B826-943AADEC3E43}.Debug|Any CPU.ActiveCfg = Debug|Any CPU
		{7953BAA9-C6AC-4665-B826-943AADEC3E43}.Debug|Any CPU.Build.0 = Debug|Any CPU
		{7953BAA9-C6AC-4665-B826-943AADEC3E43}.Debug|x64.ActiveCfg = Debug|Any CPU
		{7953BAA9-C6AC-4665-B826-943AADEC3E43}.Debug|x64.Build.0 = Debug|Any CPU
		{7953BAA9-C6AC-4665-B826-943AADEC3E43}.Debug|x86.ActiveCfg = Debug|Any CPU
		{7953BAA9-C6AC-4665-B826-943AADEC3E43}.Debug|x86.Build.0 = Debug|Any CPU
		{7953BAA9-C6AC-4665-B826-943AADEC3E43}.Release|Any CPU.ActiveCfg = Release|Any CPU
		{7953BAA9-C6AC-4665-B826-943AADEC3E43}.Release|Any CPU.Build.0 = Release|Any CPU
		{7953BAA9-C6AC-4665-B826-943AADEC3E43}.Release|x64.ActiveCfg = Release|Any CPU
		{7953BAA9-C6AC-4665-B826-943AADEC3E43}.Release|x64.Build.0 = Release|Any CPU
		{7953BAA9-C6AC-4665-B826-943AADEC3E43}.Release|x86.ActiveCfg = Release|Any CPU
		{7953BAA9-C6AC-4665-B826-943AADEC3E43}.Release|x86.Build.0 = Release|Any CPU
		{895A8D5A-CC51-418E-BA07-344C8B80E040}.Debug|Any CPU.ActiveCfg = Debug|Any CPU
		{895A8D5A-CC51-418E-BA07-344C8B80E040}.Debug|Any CPU.Build.0 = Debug|Any CPU
		{895A8D5A-CC51-418E-BA07-344C8B80E040}.Debug|x64.ActiveCfg = Debug|Any CPU
		{895A8D5A-CC51-418E-BA07-344C8B80E040}.Debug|x64.Build.0 = Debug|Any CPU
		{895A8D5A-CC51-418E-BA07-344C8B80E040}.Debug|x86.ActiveCfg = Debug|Any CPU
		{895A8D5A-CC51-418E-BA07-344C8B80E040}.Debug|x86.Build.0 = Debug|Any CPU
		{895A8D5A-CC51-418E-BA07-344C8B80E040}.Release|Any CPU.ActiveCfg = Release|Any CPU
		{895A8D5A-CC51-418E-BA07-344C8B80E040}.Release|Any CPU.Build.0 = Release|Any CPU
		{895A8D5A-CC51-418E-BA07-344C8B80E040}.Release|x64.ActiveCfg = Release|Any CPU
		{895A8D5A-CC51-418E-BA07-344C8B80E040}.Release|x64.Build.0 = Release|Any CPU
		{895A8D5A-CC51-418E-BA07-344C8B80E040}.Release|x86.ActiveCfg = Release|Any CPU
		{895A8D5A-CC51-418E-BA07-344C8B80E040}.Release|x86.Build.0 = Release|Any CPU
		{7E362EE3-EEDE-403F-BE6C-9BBF4EFEBD72}.Debug|Any CPU.ActiveCfg = Debug|Any CPU
		{7E362EE3-EEDE-403F-BE6C-9BBF4EFEBD72}.Debug|Any CPU.Build.0 = Debug|Any CPU
		{7E362EE3-EEDE-403F-BE6C-9BBF4EFEBD72}.Debug|x64.ActiveCfg = Debug|Any CPU
		{7E362EE3-EEDE-403F-BE6C-9BBF4EFEBD72}.Debug|x64.Build.0 = Debug|Any CPU
		{7E362EE3-EEDE-403F-BE6C-9BBF4EFEBD72}.Debug|x86.ActiveCfg = Debug|Any CPU
		{7E362EE3-EEDE-403F-BE6C-9BBF4EFEBD72}.Debug|x86.Build.0 = Debug|Any CPU
		{7E362EE3-EEDE-403F-BE6C-9BBF4EFEBD72}.Release|Any CPU.ActiveCfg = Release|Any CPU
		{7E362EE3-EEDE-403F-BE6C-9BBF4EFEBD72}.Release|Any CPU.Build.0 = Release|Any CPU
		{7E362EE3-EEDE-403F-BE6C-9BBF4EFEBD72}.Release|x64.ActiveCfg = Release|Any CPU
		{7E362EE3-EEDE-403F-BE6C-9BBF4EFEBD72}.Release|x64.Build.0 = Release|Any CPU
		{7E362EE3-EEDE-403F-BE6C-9BBF4EFEBD72}.Release|x86.ActiveCfg = Release|Any CPU
		{7E362EE3-EEDE-403F-BE6C-9BBF4EFEBD72}.Release|x86.Build.0 = Release|Any CPU
	EndGlobalSection
	GlobalSection(SolutionProperties) = preSolution
		HideSolutionNode = FALSE
	EndGlobalSection
	GlobalSection(ExtensibilityGlobals) = postSolution
		SolutionGuid = {1ECEA314-700E-4FAE-BC44-B305C195C54C}
	EndGlobalSection
EndGlobal
